// !$*UTF8*$!
{
	archiveVersion = 1;
	classes = {
	};
	objectVersion = 56;
	objects = {

/* Begin PBXBuildFile section */
		4C3A45FB2B84725800C8AA0C /* Gradients.swift in Sources */ = {isa = PBXBuildFile; fileRef = 4C3A45FA2B84725800C8AA0C /* Gradients.swift */; };
		4C3A45FD2B84756900C8AA0C /* SystemIcons.swift in Sources */ = {isa = PBXBuildFile; fileRef = 4C3A45FC2B84756900C8AA0C /* SystemIcons.swift */; };
		4C5457382B870B3300B07221 /* ExractingFunctions.swift in Sources */ = {isa = PBXBuildFile; fileRef = 4C5457372B870B3300B07221 /* ExractingFunctions.swift */; };
		4C5E6D652B8333A700526BA9 /* SwiftUiTestApp.swift in Sources */ = {isa = PBXBuildFile; fileRef = 4C5E6D642B8333A700526BA9 /* SwiftUiTestApp.swift */; };
		4C5E6D672B8333A700526BA9 /* ContentView.swift in Sources */ = {isa = PBXBuildFile; fileRef = 4C5E6D662B8333A700526BA9 /* ContentView.swift */; };
		4C5E6D692B8333AB00526BA9 /* Assets.xcassets in Resources */ = {isa = PBXBuildFile; fileRef = 4C5E6D682B8333AB00526BA9 /* Assets.xcassets */; };
		4C5E6D6C2B8333AB00526BA9 /* Preview Assets.xcassets in Resources */ = {isa = PBXBuildFile; fileRef = 4C5E6D6B2B8333AB00526BA9 /* Preview Assets.xcassets */; };
		4C5E6D762B8333AC00526BA9 /* SwiftUiTestTests.swift in Sources */ = {isa = PBXBuildFile; fileRef = 4C5E6D752B8333AC00526BA9 /* SwiftUiTestTests.swift */; };
		4C5E6D802B8333AC00526BA9 /* SwiftUiTestUITests.swift in Sources */ = {isa = PBXBuildFile; fileRef = 4C5E6D7F2B8333AC00526BA9 /* SwiftUiTestUITests.swift */; };
		4C5E6D822B8333AC00526BA9 /* SwiftUiTestUITestsLaunchTests.swift in Sources */ = {isa = PBXBuildFile; fileRef = 4C5E6D812B8333AC00526BA9 /* SwiftUiTestUITestsLaunchTests.swift */; };
		4C5E6D8F2B83651E00526BA9 /* SwiftUIText.swift in Sources */ = {isa = PBXBuildFile; fileRef = 4C5E6D8E2B83651E00526BA9 /* SwiftUIText.swift */; };
		4C5E6D912B836DC200526BA9 /* SwiftUIShapes.swift in Sources */ = {isa = PBXBuildFile; fileRef = 4C5E6D902B836DC200526BA9 /* SwiftUIShapes.swift */; };
		4C5E6D932B83775100526BA9 /* SwiftUIViewColors.swift in Sources */ = {isa = PBXBuildFile; fileRef = 4C5E6D922B83775000526BA9 /* SwiftUIViewColors.swift */; };
		4C64FCDA2B87270F00173FE7 /* WebView.swift in Sources */ = {isa = PBXBuildFile; fileRef = 4C64FCD92B87270F00173FE7 /* WebView.swift */; };
		4C6695622B849C9B00388EF7 /* SwiftImage.swift in Sources */ = {isa = PBXBuildFile; fileRef = 4C6695612B849C9B00388EF7 /* SwiftImage.swift */; };
		4C6695642B84A67900388EF7 /* bckground&Overlays.swift in Sources */ = {isa = PBXBuildFile; fileRef = 4C6695632B84A67900388EF7 /* bckground&Overlays.swift */; };
		4CEA95C92B85BDD40062F801 /* Stacks.swift in Sources */ = {isa = PBXBuildFile; fileRef = 4CEA95C82B85BDD40062F801 /* Stacks.swift */; };
		4CEA95CB2B85CDF50062F801 /* Padding.swift in Sources */ = {isa = PBXBuildFile; fileRef = 4CEA95CA2B85CDF50062F801 /* Padding.swift */; };
		4CEA95CD2B85D8C10062F801 /* Spacer.swift in Sources */ = {isa = PBXBuildFile; fileRef = 4CEA95CC2B85D8C10062F801 /* Spacer.swift */; };
		4CEA95CF2B85DBDB0062F801 /* Initializer.swift in Sources */ = {isa = PBXBuildFile; fileRef = 4CEA95CE2B85DBDB0062F801 /* Initializer.swift */; };
		4CEA95D12B85F5D40062F801 /* Foreach.swift in Sources */ = {isa = PBXBuildFile; fileRef = 4CEA95D02B85F5D40062F801 /* Foreach.swift */; };
		4CEA95D32B85FC0F0062F801 /* ScrollViewUI.swift in Sources */ = {isa = PBXBuildFile; fileRef = 4CEA95D22B85FC0F0062F801 /* ScrollViewUI.swift */; };
		4CEA95D52B860AA40062F801 /* safeAreaViewBootcamp.swift in Sources */ = {isa = PBXBuildFile; fileRef = 4CEA95D42B860AA40062F801 /* safeAreaViewBootcamp.swift */; };
/* End PBXBuildFile section */

/* Begin PBXContainerItemProxy section */
		4C5E6D722B8333AC00526BA9 /* PBXContainerItemProxy */ = {
			isa = PBXContainerItemProxy;
			containerPortal = 4C5E6D592B8333A700526BA9 /* Project object */;
			proxyType = 1;
			remoteGlobalIDString = 4C5E6D602B8333A700526BA9;
			remoteInfo = SwiftUiTest;
		};
		4C5E6D7C2B8333AC00526BA9 /* PBXContainerItemProxy */ = {
			isa = PBXContainerItemProxy;
			containerPortal = 4C5E6D592B8333A700526BA9 /* Project object */;
			proxyType = 1;
			remoteGlobalIDString = 4C5E6D602B8333A700526BA9;
			remoteInfo = SwiftUiTest;
		};
/* End PBXContainerItemProxy section */

/* Begin PBXFileReference section */
		4C3A45FA2B84725800C8AA0C /* Gradients.swift */ = {isa = PBXFileReference; lastKnownFileType = sourcecode.swift; path = Gradients.swift; sourceTree = "<group>"; };
		4C3A45FC2B84756900C8AA0C /* SystemIcons.swift */ = {isa = PBXFileReference; lastKnownFileType = sourcecode.swift; path = SystemIcons.swift; sourceTree = "<group>"; };
		4C5457372B870B3300B07221 /* ExractingFunctions.swift */ = {isa = PBXFileReference; lastKnownFileType = sourcecode.swift; path = ExractingFunctions.swift; sourceTree = "<group>"; };
		4C5E6D612B8333A700526BA9 /* SwiftUiTest.app */ = {isa = PBXFileReference; explicitFileType = wrapper.application; includeInIndex = 0; path = SwiftUiTest.app; sourceTree = BUILT_PRODUCTS_DIR; };
		4C5E6D642B8333A700526BA9 /* SwiftUiTestApp.swift */ = {isa = PBXFileReference; lastKnownFileType = sourcecode.swift; path = SwiftUiTestApp.swift; sourceTree = "<group>"; };
		4C5E6D662B8333A700526BA9 /* ContentView.swift */ = {isa = PBXFileReference; lastKnownFileType = sourcecode.swift; path = ContentView.swift; sourceTree = "<group>"; };
		4C5E6D682B8333AB00526BA9 /* Assets.xcassets */ = {isa = PBXFileReference; lastKnownFileType = folder.assetcatalog; path = Assets.xcassets; sourceTree = "<group>"; };
		4C5E6D6B2B8333AB00526BA9 /* Preview Assets.xcassets */ = {isa = PBXFileReference; lastKnownFileType = folder.assetcatalog; path = "Preview Assets.xcassets"; sourceTree = "<group>"; };
		4C5E6D712B8333AC00526BA9 /* SwiftUiTestTests.xctest */ = {isa = PBXFileReference; explicitFileType = wrapper.cfbundle; includeInIndex = 0; path = SwiftUiTestTests.xctest; sourceTree = BUILT_PRODUCTS_DIR; };
		4C5E6D752B8333AC00526BA9 /* SwiftUiTestTests.swift */ = {isa = PBXFileReference; lastKnownFileType = sourcecode.swift; path = SwiftUiTestTests.swift; sourceTree = "<group>"; };
		4C5E6D7B2B8333AC00526BA9 /* SwiftUiTestUITests.xctest */ = {isa = PBXFileReference; explicitFileType = wrapper.cfbundle; includeInIndex = 0; path = SwiftUiTestUITests.xctest; sourceTree = BUILT_PRODUCTS_DIR; };
		4C5E6D7F2B8333AC00526BA9 /* SwiftUiTestUITests.swift */ = {isa = PBXFileReference; lastKnownFileType = sourcecode.swift; path = SwiftUiTestUITests.swift; sourceTree = "<group>"; };
		4C5E6D812B8333AC00526BA9 /* SwiftUiTestUITestsLaunchTests.swift */ = {isa = PBXFileReference; lastKnownFileType = sourcecode.swift; path = SwiftUiTestUITestsLaunchTests.swift; sourceTree = "<group>"; };
		4C5E6D8E2B83651E00526BA9 /* SwiftUIText.swift */ = {isa = PBXFileReference; lastKnownFileType = sourcecode.swift; path = SwiftUIText.swift; sourceTree = "<group>"; };
		4C5E6D902B836DC200526BA9 /* SwiftUIShapes.swift */ = {isa = PBXFileReference; lastKnownFileType = sourcecode.swift; path = SwiftUIShapes.swift; sourceTree = "<group>"; };
		4C5E6D922B83775000526BA9 /* SwiftUIViewColors.swift */ = {isa = PBXFileReference; lastKnownFileType = sourcecode.swift; path = SwiftUIViewColors.swift; sourceTree = "<group>"; };
		4C64FCD92B87270F00173FE7 /* WebView.swift */ = {isa = PBXFileReference; lastKnownFileType = sourcecode.swift; path = WebView.swift; sourceTree = "<group>"; };
		4C6695612B849C9B00388EF7 /* SwiftImage.swift */ = {isa = PBXFileReference; lastKnownFileType = sourcecode.swift; path = SwiftImage.swift; sourceTree = "<group>"; };
		4C6695632B84A67900388EF7 /* bckground&Overlays.swift */ = {isa = PBXFileReference; lastKnownFileType = sourcecode.swift; path = "bckground&Overlays.swift"; sourceTree = "<group>"; };
		4CEA95C82B85BDD40062F801 /* Stacks.swift */ = {isa = PBXFileReference; lastKnownFileType = sourcecode.swift; path = Stacks.swift; sourceTree = "<group>"; };
		4CEA95CA2B85CDF50062F801 /* Padding.swift */ = {isa = PBXFileReference; lastKnownFileType = sourcecode.swift; path = Padding.swift; sourceTree = "<group>"; };
		4CEA95CC2B85D8C10062F801 /* Spacer.swift */ = {isa = PBXFileReference; lastKnownFileType = sourcecode.swift; path = Spacer.swift; sourceTree = "<group>"; };
		4CEA95CE2B85DBDB0062F801 /* Initializer.swift */ = {isa = PBXFileReference; lastKnownFileType = sourcecode.swift; path = Initializer.swift; sourceTree = "<group>"; };
		4CEA95D02B85F5D40062F801 /* Foreach.swift */ = {isa = PBXFileReference; lastKnownFileType = sourcecode.swift; path = Foreach.swift; sourceTree = "<group>"; };
		4CEA95D22B85FC0F0062F801 /* ScrollViewUI.swift */ = {isa = PBXFileReference; lastKnownFileType = sourcecode.swift; path = ScrollViewUI.swift; sourceTree = "<group>"; };
		4CEA95D42B860AA40062F801 /* safeAreaViewBootcamp.swift */ = {isa = PBXFileReference; lastKnownFileType = sourcecode.swift; path = safeAreaViewBootcamp.swift; sourceTree = "<group>"; };
/* End PBXFileReference section */

/* Begin PBXFrameworksBuildPhase section */
		4C5E6D5E2B8333A700526BA9 /* Frameworks */ = {
			isa = PBXFrameworksBuildPhase;
			buildActionMask = 2147483647;
			files = (
			);
			runOnlyForDeploymentPostprocessing = 0;
		};
		4C5E6D6E2B8333AC00526BA9 /* Frameworks */ = {
			isa = PBXFrameworksBuildPhase;
			buildActionMask = 2147483647;
			files = (
			);
			runOnlyForDeploymentPostprocessing = 0;
		};
		4C5E6D782B8333AC00526BA9 /* Frameworks */ = {
			isa = PBXFrameworksBuildPhase;
			buildActionMask = 2147483647;
			files = (
			);
			runOnlyForDeploymentPostprocessing = 0;
		};
/* End PBXFrameworksBuildPhase section */

/* Begin PBXGroup section */
		4C5E6D582B8333A700526BA9 = {
			isa = PBXGroup;
			children = (
				4C5E6D632B8333A700526BA9 /* SwiftUiTest */,
				4C5E6D742B8333AC00526BA9 /* SwiftUiTestTests */,
				4C5E6D7E2B8333AC00526BA9 /* SwiftUiTestUITests */,
				4C5E6D622B8333A700526BA9 /* Products */,
			);
			sourceTree = "<group>";
		};
		4C5E6D622B8333A700526BA9 /* Products */ = {
			isa = PBXGroup;
			children = (
				4C5E6D612B8333A700526BA9 /* SwiftUiTest.app */,
				4C5E6D712B8333AC00526BA9 /* SwiftUiTestTests.xctest */,
				4C5E6D7B2B8333AC00526BA9 /* SwiftUiTestUITests.xctest */,
			);
			name = Products;
			sourceTree = "<group>";
		};
		4C5E6D632B8333A700526BA9 /* SwiftUiTest */ = {
			isa = PBXGroup;
			children = (
				4C5E6D642B8333A700526BA9 /* SwiftUiTestApp.swift */,
				4C5E6D662B8333A700526BA9 /* ContentView.swift */,
				4C5E6D8E2B83651E00526BA9 /* SwiftUIText.swift */,
				4C5E6D902B836DC200526BA9 /* SwiftUIShapes.swift */,
				4C5E6D922B83775000526BA9 /* SwiftUIViewColors.swift */,
				4C3A45FA2B84725800C8AA0C /* Gradients.swift */,
				4C3A45FC2B84756900C8AA0C /* SystemIcons.swift */,
				4C6695612B849C9B00388EF7 /* SwiftImage.swift */,
				4C6695632B84A67900388EF7 /* bckground&Overlays.swift */,
				4CEA95C82B85BDD40062F801 /* Stacks.swift */,
				4CEA95CA2B85CDF50062F801 /* Padding.swift */,
				4CEA95CC2B85D8C10062F801 /* Spacer.swift */,
				4CEA95CE2B85DBDB0062F801 /* Initializer.swift */,
				4CEA95D02B85F5D40062F801 /* Foreach.swift */,
				4C5457372B870B3300B07221 /* ExractingFunctions.swift */,
				4C64FCD92B87270F00173FE7 /* WebView.swift */,
				4CEA95D22B85FC0F0062F801 /* ScrollViewUI.swift */,
				4CEA95D42B860AA40062F801 /* safeAreaViewBootcamp.swift */,
				4C5E6D682B8333AB00526BA9 /* Assets.xcassets */,
				4C5E6D6A2B8333AB00526BA9 /* Preview Content */,
			);
			path = SwiftUiTest;
			sourceTree = "<group>";
		};
		4C5E6D6A2B8333AB00526BA9 /* Preview Content */ = {
			isa = PBXGroup;
			children = (
				4C5E6D6B2B8333AB00526BA9 /* Preview Assets.xcassets */,
			);
			path = "Preview Content";
			sourceTree = "<group>";
		};
		4C5E6D742B8333AC00526BA9 /* SwiftUiTestTests */ = {
			isa = PBXGroup;
			children = (
				4C5E6D752B8333AC00526BA9 /* SwiftUiTestTests.swift */,
			);
			path = SwiftUiTestTests;
			sourceTree = "<group>";
		};
		4C5E6D7E2B8333AC00526BA9 /* SwiftUiTestUITests */ = {
			isa = PBXGroup;
			children = (
				4C5E6D7F2B8333AC00526BA9 /* SwiftUiTestUITests.swift */,
				4C5E6D812B8333AC00526BA9 /* SwiftUiTestUITestsLaunchTests.swift */,
			);
			path = SwiftUiTestUITests;
			sourceTree = "<group>";
		};
/* End PBXGroup section */

/* Begin PBXNativeTarget section */
		4C5E6D602B8333A700526BA9 /* SwiftUiTest */ = {
			isa = PBXNativeTarget;
			buildConfigurationList = 4C5E6D852B8333AC00526BA9 /* Build configuration list for PBXNativeTarget "SwiftUiTest" */;
			buildPhases = (
				4C5E6D5D2B8333A700526BA9 /* Sources */,
				4C5E6D5E2B8333A700526BA9 /* Frameworks */,
				4C5E6D5F2B8333A700526BA9 /* Resources */,
			);
			buildRules = (
			);
			dependencies = (
			);
			name = SwiftUiTest;
			productName = SwiftUiTest;
			productReference = 4C5E6D612B8333A700526BA9 /* SwiftUiTest.app */;
			productType = "com.apple.product-type.application";
		};
		4C5E6D702B8333AC00526BA9 /* SwiftUiTestTests */ = {
			isa = PBXNativeTarget;
			buildConfigurationList = 4C5E6D882B8333AC00526BA9 /* Build configuration list for PBXNativeTarget "SwiftUiTestTests" */;
			buildPhases = (
				4C5E6D6D2B8333AC00526BA9 /* Sources */,
				4C5E6D6E2B8333AC00526BA9 /* Frameworks */,
				4C5E6D6F2B8333AC00526BA9 /* Resources */,
			);
			buildRules = (
			);
			dependencies = (
				4C5E6D732B8333AC00526BA9 /* PBXTargetDependency */,
			);
			name = SwiftUiTestTests;
			productName = SwiftUiTestTests;
			productReference = 4C5E6D712B8333AC00526BA9 /* SwiftUiTestTests.xctest */;
			productType = "com.apple.product-type.bundle.unit-test";
		};
		4C5E6D7A2B8333AC00526BA9 /* SwiftUiTestUITests */ = {
			isa = PBXNativeTarget;
			buildConfigurationList = 4C5E6D8B2B8333AC00526BA9 /* Build configuration list for PBXNativeTarget "SwiftUiTestUITests" */;
			buildPhases = (
				4C5E6D772B8333AC00526BA9 /* Sources */,
				4C5E6D782B8333AC00526BA9 /* Frameworks */,
				4C5E6D792B8333AC00526BA9 /* Resources */,
			);
			buildRules = (
			);
			dependencies = (
				4C5E6D7D2B8333AC00526BA9 /* PBXTargetDependency */,
			);
			name = SwiftUiTestUITests;
			productName = SwiftUiTestUITests;
			productReference = 4C5E6D7B2B8333AC00526BA9 /* SwiftUiTestUITests.xctest */;
			productType = "com.apple.product-type.bundle.ui-testing";
		};
/* End PBXNativeTarget section */

/* Begin PBXProject section */
		4C5E6D592B8333A700526BA9 /* Project object */ = {
			isa = PBXProject;
			attributes = {
				BuildIndependentTargetsInParallel = 1;
				LastSwiftUpdateCheck = 1510;
				LastUpgradeCheck = 1510;
				TargetAttributes = {
					4C5E6D602B8333A700526BA9 = {
						CreatedOnToolsVersion = 15.1;
					};
					4C5E6D702B8333AC00526BA9 = {
						CreatedOnToolsVersion = 15.1;
						TestTargetID = 4C5E6D602B8333A700526BA9;
					};
					4C5E6D7A2B8333AC00526BA9 = {
						CreatedOnToolsVersion = 15.1;
						TestTargetID = 4C5E6D602B8333A700526BA9;
					};
				};
			};
			buildConfigurationList = 4C5E6D5C2B8333A700526BA9 /* Build configuration list for PBXProject "SwiftUiTest" */;
			compatibilityVersion = "Xcode 14.0";
			developmentRegion = en;
			hasScannedForEncodings = 0;
			knownRegions = (
				en,
				Base,
			);
			mainGroup = 4C5E6D582B8333A700526BA9;
			productRefGroup = 4C5E6D622B8333A700526BA9 /* Products */;
			projectDirPath = "";
			projectRoot = "";
			targets = (
				4C5E6D602B8333A700526BA9 /* SwiftUiTest */,
				4C5E6D702B8333AC00526BA9 /* SwiftUiTestTests */,
				4C5E6D7A2B8333AC00526BA9 /* SwiftUiTestUITests */,
			);
		};
/* End PBXProject section */

/* Begin PBXResourcesBuildPhase section */
		4C5E6D5F2B8333A700526BA9 /* Resources */ = {
			isa = PBXResourcesBuildPhase;
			buildActionMask = 2147483647;
			files = (
				4C5E6D6C2B8333AB00526BA9 /* Preview Assets.xcassets in Resources */,
				4C5E6D692B8333AB00526BA9 /* Assets.xcassets in Resources */,
			);
			runOnlyForDeploymentPostprocessing = 0;
		};
		4C5E6D6F2B8333AC00526BA9 /* Resources */ = {
			isa = PBXResourcesBuildPhase;
			buildActionMask = 2147483647;
			files = (
			);
			runOnlyForDeploymentPostprocessing = 0;
		};
		4C5E6D792B8333AC00526BA9 /* Resources */ = {
			isa = PBXResourcesBuildPhase;
			buildActionMask = 2147483647;
			files = (
			);
			runOnlyForDeploymentPostprocessing = 0;
		};
/* End PBXResourcesBuildPhase section */

/* Begin PBXSourcesBuildPhase section */
		4C5E6D5D2B8333A700526BA9 /* Sources */ = {
			isa = PBXSourcesBuildPhase;
			buildActionMask = 2147483647;
			files = (
				4CEA95C92B85BDD40062F801 /* Stacks.swift in Sources */,
				4CEA95CD2B85D8C10062F801 /* Spacer.swift in Sources */,
				4C5E6D672B8333A700526BA9 /* ContentView.swift in Sources */,
				4C5E6D912B836DC200526BA9 /* SwiftUIShapes.swift in Sources */,
				4CEA95D12B85F5D40062F801 /* Foreach.swift in Sources */,
				4C6695642B84A67900388EF7 /* bckground&Overlays.swift in Sources */,
				4C5E6D932B83775100526BA9 /* SwiftUIViewColors.swift in Sources */,
				4CEA95CF2B85DBDB0062F801 /* Initializer.swift in Sources */,
				4C6695622B849C9B00388EF7 /* SwiftImage.swift in Sources */,
				4C5457382B870B3300B07221 /* ExractingFunctions.swift in Sources */,
				4C5E6D8F2B83651E00526BA9 /* SwiftUIText.swift in Sources */,
				4C5E6D652B8333A700526BA9 /* SwiftUiTestApp.swift in Sources */,
				4C3A45FB2B84725800C8AA0C /* Gradients.swift in Sources */,
				4CEA95CB2B85CDF50062F801 /* Padding.swift in Sources */,
				4CEA95D52B860AA40062F801 /* safeAreaViewBootcamp.swift in Sources */,
				4C64FCDA2B87270F00173FE7 /* WebView.swift in Sources */,
				4C3A45FD2B84756900C8AA0C /* SystemIcons.swift in Sources */,
				4CEA95D32B85FC0F0062F801 /* ScrollViewUI.swift in Sources */,
			);
			runOnlyForDeploymentPostprocessing = 0;
		};
		4C5E6D6D2B8333AC00526BA9 /* Sources */ = {
			isa = PBXSourcesBuildPhase;
			buildActionMask = 2147483647;
			files = (
				4C5E6D762B8333AC00526BA9 /* SwiftUiTestTests.swift in Sources */,
			);
			runOnlyForDeploymentPostprocessing = 0;
		};
		4C5E6D772B8333AC00526BA9 /* Sources */ = {
			isa = PBXSourcesBuildPhase;
			buildActionMask = 2147483647;
			files = (
				4C5E6D822B8333AC00526BA9 /* SwiftUiTestUITestsLaunchTests.swift in Sources */,
				4C5E6D802B8333AC00526BA9 /* SwiftUiTestUITests.swift in Sources */,
			);
			runOnlyForDeploymentPostprocessing = 0;
		};
/* End PBXSourcesBuildPhase section */

/* Begin PBXTargetDependency section */
		4C5E6D732B8333AC00526BA9 /* PBXTargetDependency */ = {
			isa = PBXTargetDependency;
			target = 4C5E6D602B8333A700526BA9 /* SwiftUiTest */;
			targetProxy = 4C5E6D722B8333AC00526BA9 /* PBXContainerItemProxy */;
		};
		4C5E6D7D2B8333AC00526BA9 /* PBXTargetDependency */ = {
			isa = PBXTargetDependency;
			target = 4C5E6D602B8333A700526BA9 /* SwiftUiTest */;
			targetProxy = 4C5E6D7C2B8333AC00526BA9 /* PBXContainerItemProxy */;
		};
/* End PBXTargetDependency section */

/* Begin XCBuildConfiguration section */
		4C5E6D832B8333AC00526BA9 /* Debug */ = {
			isa = XCBuildConfiguration;
			buildSettings = {
				ALWAYS_SEARCH_USER_PATHS = NO;
				ASSETCATALOG_COMPILER_GENERATE_SWIFT_ASSET_SYMBOL_EXTENSIONS = YES;
				CLANG_ANALYZER_NONNULL = YES;
				CLANG_ANALYZER_NUMBER_OBJECT_CONVERSION = YES_AGGRESSIVE;
				CLANG_CXX_LANGUAGE_STANDARD = "gnu++20";
				CLANG_ENABLE_MODULES = YES;
				CLANG_ENABLE_OBJC_ARC = YES;
				CLANG_ENABLE_OBJC_WEAK = YES;
				CLANG_WARN_BLOCK_CAPTURE_AUTORELEASING = YES;
				CLANG_WARN_BOOL_CONVERSION = YES;
				CLANG_WARN_COMMA = YES;
				CLANG_WARN_CONSTANT_CONVERSION = YES;
				CLANG_WARN_DEPRECATED_OBJC_IMPLEMENTATIONS = YES;
				CLANG_WARN_DIRECT_OBJC_ISA_USAGE = YES_ERROR;
				CLANG_WARN_DOCUMENTATION_COMMENTS = YES;
				CLANG_WARN_EMPTY_BODY = YES;
				CLANG_WARN_ENUM_CONVERSION = YES;
				CLANG_WARN_INFINITE_RECURSION = YES;
				CLANG_WARN_INT_CONVERSION = YES;
				CLANG_WARN_NON_LITERAL_NULL_CONVERSION = YES;
				CLANG_WARN_OBJC_IMPLICIT_RETAIN_SELF = YES;
				CLANG_WARN_OBJC_LITERAL_CONVERSION = YES;
				CLANG_WARN_OBJC_ROOT_CLASS = YES_ERROR;
				CLANG_WARN_QUOTED_INCLUDE_IN_FRAMEWORK_HEADER = YES;
				CLANG_WARN_RANGE_LOOP_ANALYSIS = YES;
				CLANG_WARN_STRICT_PROTOTYPES = YES;
				CLANG_WARN_SUSPICIOUS_MOVE = YES;
				CLANG_WARN_UNGUARDED_AVAILABILITY = YES_AGGRESSIVE;
				CLANG_WARN_UNREACHABLE_CODE = YES;
				CLANG_WARN__DUPLICATE_METHOD_MATCH = YES;
				COPY_PHASE_STRIP = NO;
				DEBUG_INFORMATION_FORMAT = dwarf;
				ENABLE_STRICT_OBJC_MSGSEND = YES;
				ENABLE_TESTABILITY = YES;
				ENABLE_USER_SCRIPT_SANDBOXING = YES;
				GCC_C_LANGUAGE_STANDARD = gnu17;
				GCC_DYNAMIC_NO_PIC = NO;
				GCC_NO_COMMON_BLOCKS = YES;
				GCC_OPTIMIZATION_LEVEL = 0;
				GCC_PREPROCESSOR_DEFINITIONS = (
					"DEBUG=1",
					"$(inherited)",
				);
				GCC_WARN_64_TO_32_BIT_CONVERSION = YES;
				GCC_WARN_ABOUT_RETURN_TYPE = YES_ERROR;
				GCC_WARN_UNDECLARED_SELECTOR = YES;
				GCC_WARN_UNINITIALIZED_AUTOS = YES_AGGRESSIVE;
				GCC_WARN_UNUSED_FUNCTION = YES;
				GCC_WARN_UNUSED_VARIABLE = YES;
				IPHONEOS_DEPLOYMENT_TARGET = 17.2;
				LOCALIZATION_PREFERS_STRING_CATALOGS = YES;
				MTL_ENABLE_DEBUG_INFO = INCLUDE_SOURCE;
				MTL_FAST_MATH = YES;
				ONLY_ACTIVE_ARCH = YES;
				SDKROOT = iphoneos;
				SWIFT_ACTIVE_COMPILATION_CONDITIONS = "DEBUG $(inherited)";
				SWIFT_OPTIMIZATION_LEVEL = "-Onone";
			};
			name = Debug;
		};
		4C5E6D842B8333AC00526BA9 /* Release */ = {
			isa = XCBuildConfiguration;
			buildSettings = {
				ALWAYS_SEARCH_USER_PATHS = NO;
				ASSETCATALOG_COMPILER_GENERATE_SWIFT_ASSET_SYMBOL_EXTENSIONS = YES;
				CLANG_ANALYZER_NONNULL = YES;
				CLANG_ANALYZER_NUMBER_OBJECT_CONVERSION = YES_AGGRESSIVE;
				CLANG_CXX_LANGUAGE_STANDARD = "gnu++20";
				CLANG_ENABLE_MODULES = YES;
				CLANG_ENABLE_OBJC_ARC = YES;
				CLANG_ENABLE_OBJC_WEAK = YES;
				CLANG_WARN_BLOCK_CAPTURE_AUTORELEASING = YES;
				CLANG_WARN_BOOL_CONVERSION = YES;
				CLANG_WARN_COMMA = YES;
				CLANG_WARN_CONSTANT_CONVERSION = YES;
				CLANG_WARN_DEPRECATED_OBJC_IMPLEMENTATIONS = YES;
				CLANG_WARN_DIRECT_OBJC_ISA_USAGE = YES_ERROR;
				CLANG_WARN_DOCUMENTATION_COMMENTS = YES;
				CLANG_WARN_EMPTY_BODY = YES;
				CLANG_WARN_ENUM_CONVERSION = YES;
				CLANG_WARN_INFINITE_RECURSION = YES;
				CLANG_WARN_INT_CONVERSION = YES;
				CLANG_WARN_NON_LITERAL_NULL_CONVERSION = YES;
				CLANG_WARN_OBJC_IMPLICIT_RETAIN_SELF = YES;
				CLANG_WARN_OBJC_LITERAL_CONVERSION = YES;
				CLANG_WARN_OBJC_ROOT_CLASS = YES_ERROR;
				CLANG_WARN_QUOTED_INCLUDE_IN_FRAMEWORK_HEADER = YES;
				CLANG_WARN_RANGE_LOOP_ANALYSIS = YES;
				CLANG_WARN_STRICT_PROTOTYPES = YES;
				CLANG_WARN_SUSPICIOUS_MOVE = YES;
				CLANG_WARN_UNGUARDED_AVAILABILITY = YES_AGGRESSIVE;
				CLANG_WARN_UNREACHABLE_CODE = YES;
				CLANG_WARN__DUPLICATE_METHOD_MATCH = YES;
				COPY_PHASE_STRIP = NO;
				DEBUG_INFORMATION_FORMAT = "dwarf-with-dsym";
				ENABLE_NS_ASSERTIONS = NO;
				ENABLE_STRICT_OBJC_MSGSEND = YES;
				ENABLE_USER_SCRIPT_SANDBOXING = YES;
				GCC_C_LANGUAGE_STANDARD = gnu17;
				GCC_NO_COMMON_BLOCKS = YES;
				GCC_WARN_64_TO_32_BIT_CONVERSION = YES;
				GCC_WARN_ABOUT_RETURN_TYPE = YES_ERROR;
				GCC_WARN_UNDECLARED_SELECTOR = YES;
				GCC_WARN_UNINITIALIZED_AUTOS = YES_AGGRESSIVE;
				GCC_WARN_UNUSED_FUNCTION = YES;
				GCC_WARN_UNUSED_VARIABLE = YES;
				IPHONEOS_DEPLOYMENT_TARGET = 17.2;
				LOCALIZATION_PREFERS_STRING_CATALOGS = YES;
				MTL_ENABLE_DEBUG_INFO = NO;
				MTL_FAST_MATH = YES;
				SDKROOT = iphoneos;
				SWIFT_COMPILATION_MODE = wholemodule;
				VALIDATE_PRODUCT = YES;
			};
			name = Release;
		};
		4C5E6D862B8333AC00526BA9 /* Debug */ = {
			isa = XCBuildConfiguration;
			buildSettings = {
				ASSETCATALOG_COMPILER_GLOBAL_ACCENT_COLOR_NAME = AccentColor;
				ASSETCATALOG_COMPILER_INCLUDE_ALL_APPICON_ASSETS = NO;
				CODE_SIGN_STYLE = Automatic;
				CURRENT_PROJECT_VERSION = 1;
				DEVELOPMENT_ASSET_PATHS = "\"SwiftUiTest/Preview Content\"";
				ENABLE_PREVIEWS = YES;
				GENERATE_INFOPLIST_FILE = YES;
				INFOPLIST_KEY_CFBundleDisplayName = Test;
				INFOPLIST_KEY_UIApplicationSceneManifest_Generation = YES;
				INFOPLIST_KEY_UIApplicationSupportsIndirectInputEvents = YES;
				INFOPLIST_KEY_UILaunchScreen_Generation = YES;
				INFOPLIST_KEY_UIStatusBarStyle = "";
				INFOPLIST_KEY_UISupportedInterfaceOrientations = UIInterfaceOrientationPortrait;
				IPHONEOS_DEPLOYMENT_TARGET = 16.5;
				LD_RUNPATH_SEARCH_PATHS = (
					"$(inherited)",
					"@executable_path/Frameworks",
				);
				MACOSX_DEPLOYMENT_TARGET = 14.0;
				MARKETING_VERSION = 1.0;
				PRODUCT_BUNDLE_IDENTIFIER = com.cvinfotech.SwiftUiTest;
				PRODUCT_NAME = "$(TARGET_NAME)";
				SUPPORTED_PLATFORMS = "iphoneos iphonesimulator macosx";
				SUPPORTS_MACCATALYST = NO;
				SUPPORTS_MAC_DESIGNED_FOR_IPHONE_IPAD = NO;
				SWIFT_EMIT_LOC_STRINGS = YES;
				SWIFT_VERSION = 5.0;
				TARGETED_DEVICE_FAMILY = "1,2";
			};
			name = Debug;
		};
		4C5E6D872B8333AC00526BA9 /* Release */ = {
			isa = XCBuildConfiguration;
			buildSettings = {
				ASSETCATALOG_COMPILER_GLOBAL_ACCENT_COLOR_NAME = AccentColor;
				ASSETCATALOG_COMPILER_INCLUDE_ALL_APPICON_ASSETS = NO;
				CODE_SIGN_STYLE = Automatic;
				CURRENT_PROJECT_VERSION = 1;
				DEVELOPMENT_ASSET_PATHS = "\"SwiftUiTest/Preview Content\"";
				ENABLE_PREVIEWS = YES;
				GENERATE_INFOPLIST_FILE = YES;
				INFOPLIST_KEY_CFBundleDisplayName = Test;
				INFOPLIST_KEY_UIApplicationSceneManifest_Generation = YES;
				INFOPLIST_KEY_UIApplicationSupportsIndirectInputEvents = YES;
				INFOPLIST_KEY_UILaunchScreen_Generation = YES;
				INFOPLIST_KEY_UIStatusBarStyle = "";
				INFOPLIST_KEY_UISupportedInterfaceOrientations = UIInterfaceOrientationPortrait;
				IPHONEOS_DEPLOYMENT_TARGET = 16.5;
				LD_RUNPATH_SEARCH_PATHS = (
					"$(inherited)",
					"@executable_path/Frameworks",
				);
				MACOSX_DEPLOYMENT_TARGET = 14.0;
				MARKETING_VERSION = 1.0;
				PRODUCT_BUNDLE_IDENTIFIER = com.cvinfotech.SwiftUiTest;
				PRODUCT_NAME = "$(TARGET_NAME)";
				SUPPORTED_PLATFORMS = "iphoneos iphonesimulator macosx";
				SUPPORTS_MACCATALYST = NO;
				SUPPORTS_MAC_DESIGNED_FOR_IPHONE_IPAD = NO;
				SWIFT_EMIT_LOC_STRINGS = YES;
				SWIFT_VERSION = 5.0;
				TARGETED_DEVICE_FAMILY = "1,2";
			};
			name = Release;
		};
		4C5E6D892B8333AC00526BA9 /* Debug */ = {
			isa = XCBuildConfiguration;
			buildSettings = {
				ALWAYS_EMBED_SWIFT_STANDARD_LIBRARIES = YES;
				BUNDLE_LOADER = "$(TEST_HOST)";
				CODE_SIGN_STYLE = Automatic;
				CURRENT_PROJECT_VERSION = 1;
				GENERATE_INFOPLIST_FILE = YES;
				IPHONEOS_DEPLOYMENT_TARGET = 17.2;
				MARKETING_VERSION = 1.0;
				PRODUCT_BUNDLE_IDENTIFIER = com.cvinfotech.SwiftUiTestTests;
				PRODUCT_NAME = "$(TARGET_NAME)";
				SWIFT_EMIT_LOC_STRINGS = NO;
				SWIFT_VERSION = 5.0;
				TARGETED_DEVICE_FAMILY = "1,2";
				TEST_HOST = "$(BUILT_PRODUCTS_DIR)/SwiftUiTest.app/$(BUNDLE_EXECUTABLE_FOLDER_PATH)/SwiftUiTest";
			};
			name = Debug;
		};
		4C5E6D8A2B8333AC00526BA9 /* Release */ = {
			isa = XCBuildConfiguration;
			buildSettings = {
				ALWAYS_EMBED_SWIFT_STANDARD_LIBRARIES = YES;
				BUNDLE_LOADER = "$(TEST_HOST)";
				CODE_SIGN_STYLE = Automatic;
				CURRENT_PROJECT_VERSION = 1;
				GENERATE_INFOPLIST_FILE = YES;
				IPHONEOS_DEPLOYMENT_TARGET = 17.2;
				MARKETING_VERSION = 1.0;
				PRODUCT_BUNDLE_IDENTIFIER = com.cvinfotech.SwiftUiTestTests;
				PRODUCT_NAME = "$(TARGET_NAME)";
				SWIFT_EMIT_LOC_STRINGS = NO;
				SWIFT_VERSION = 5.0;
				TARGETED_DEVICE_FAMILY = "1,2";
				TEST_HOST = "$(BUILT_PRODUCTS_DIR)/SwiftUiTest.app/$(BUNDLE_EXECUTABLE_FOLDER_PATH)/SwiftUiTest";
			};
			name = Release;
		};
		4C5E6D8C2B8333AC00526BA9 /* Debug */ = {
			isa = XCBuildConfiguration;
			buildSettings = {
				ALWAYS_EMBED_SWIFT_STANDARD_LIBRARIES = YES;
				CODE_SIGN_STYLE = Automatic;
				CURRENT_PROJECT_VERSION = 1;
				GENERATE_INFOPLIST_FILE = YES;
				MARKETING_VERSION = 1.0;
				PRODUCT_BUNDLE_IDENTIFIER = com.cvinfotech.SwiftUiTestUITests;
				PRODUCT_NAME = "$(TARGET_NAME)";
				SWIFT_EMIT_LOC_STRINGS = NO;
				SWIFT_VERSION = 5.0;
				TARGETED_DEVICE_FAMILY = "1,2";
				TEST_TARGET_NAME = SwiftUiTest;
			};
			name = Debug;
		};
		4C5E6D8D2B8333AC00526BA9 /* Release */ = {
			isa = XCBuildConfiguration;
			buildSettings = {
				ALWAYS_EMBED_SWIFT_STANDARD_LIBRARIES = YES;
				CODE_SIGN_STYLE = Automatic;
				CURRENT_PROJECT_VERSION = 1;
				GENERATE_INFOPLIST_FILE = YES;
				MARKETING_VERSION = 1.0;
				PRODUCT_BUNDLE_IDENTIFIER = com.cvinfotech.SwiftUiTestUITests;
				PRODUCT_NAME = "$(TARGET_NAME)";
				SWIFT_EMIT_LOC_STRINGS = NO;
				SWIFT_VERSION = 5.0;
				TARGETED_DEVICE_FAMILY = "1,2";
				TEST_TARGET_NAME = SwiftUiTest;
			};
			name = Release;
		};
/* End XCBuildConfiguration section */

/* Begin XCConfigurationList section */
		4C5E6D5C2B8333A700526BA9 /* Build configuration list for PBXProject "SwiftUiTest" */ = {
			isa = XCConfigurationList;
			buildConfigurations = (
				4C5E6D832B8333AC00526BA9 /* Debug */,
				4C5E6D842B8333AC00526BA9 /* Release */,
			);
			defaultConfigurationIsVisible = 0;
			defaultConfigurationName = Release;
		};
		4C5E6D852B8333AC00526BA9 /* Build configuration list for PBXNativeTarget "SwiftUiTest" */ = {
			isa = XCConfigurationList;
			buildConfigurations = (
				4C5E6D862B8333AC00526BA9 /* Debug */,
				4C5E6D872B8333AC00526BA9 /* Release */,
			);
			defaultConfigurationIsVisible = 0;
			defaultConfigurationName = Release;
		};
		4C5E6D882B8333AC00526BA9 /* Build configuration list for PBXNativeTarget "SwiftUiTestTests" */ = {
			isa = XCConfigurationList;
			buildConfigurations = (
				4C5E6D892B8333AC00526BA9 /* Debug */,
				4C5E6D8A2B8333AC00526BA9 /* Release */,
			);
			defaultConfigurationIsVisible = 0;
			defaultConfigurationName = Release;
		};
		4C5E6D8B2B8333AC00526BA9 /* Build configuration list for PBXNativeTarget "SwiftUiTestUITests" */ = {
			isa = XCConfigurationList;
			buildConfigurations = (
				4C5E6D8C2B8333AC00526BA9 /* Debug */,
				4C5E6D8D2B8333AC00526BA9 /* Release */,
			);
			defaultConfigurationIsVisible = 0;
			defaultConfigurationName = Release;
		};
/* End XCConfigurationList section */
	};
	rootObject = 4C5E6D592B8333A700526BA9 /* Project object */;
}
